
Microsoft Visual Studio Solution File, Format Version 12.00
# Visual Studio Version 16
VisualStudioVersion = 16.0.30330.147
MinimumVisualStudioVersion = 10.0.40219.1
Project("{8BC9CEB8-8B4A-11D0-8D11-00A0C91BC942}") = "Martrices Copy Content to Another Array", "Martrices Copy Content to Another Array\Martrices Copy Content to Another Array.vcxproj", "{5E9A876D-439B-483D-8A4F-5DC3AFE83F9B}"
EndProject
Global
	GlobalSection(SolutionConfigurationPlatforms) = preSolution
		Debug|x64 = Debug|x64
		Debug|x86 = Debug|x86
		Release|x64 = Release|x64
		Release|x86 = Release|x86
	EndGlobalSection
	GlobalSection(ProjectConfigurationPlatforms) = postSolution
		{5E9A876D-439B-483D-8A4F-5DC3AFE83F9B}.Debug|x64.ActiveCfg = Debug|x64
		{5E9A876D-439B-483D-8A4F-5DC3AFE83F9B}.Debug|x64.Build.0 = Debug|x64
		{5E9A876D-439B-483D-8A4F-5DC3AFE83F9B}.Debug|x86.ActiveCfg = Debug|Win32
		{5E9A876D-439B-483D-8A4F-5DC3AFE83F9B}.Debug|x86.Build.0 = Debug|Win32
		{5E9A876D-439B-483D-8A4F-5DC3AFE83F9B}.Release|x64.ActiveCfg = Release|x64
		{5E9A876D-439B-483D-8A4F-5DC3AFE83F9B}.Release|x64.Build.0 = Release|x64
		{5E9A876D-439B-483D-8A4F-5DC3AFE83F9B}.Release|x86.ActiveCfg = Release|Win32
		{5E9A876D-439B-483D-8A4F-5DC3AFE83F9B}.Release|x86.Build.0 = Release|Win32
	EndGlobalSection
	GlobalSection(SolutionProperties) = preSolution
		HideSolutionNode = FALSE
	EndGlobalSection
	GlobalSection(ExtensibilityGlobals) = postSolution
		SolutionGuid = {31F9E01F-7961-4208-AA90-77EDBF49EC9D}
	EndGlobalSection
EndGlobal
