
Microsoft Visual Studio Solution File, Format Version 12.00
# Visual Studio Version 16
VisualStudioVersion = 16.0.30225.117
MinimumVisualStudioVersion = 10.0.40219.1
Project("{8BC9CEB8-8B4A-11D0-8D11-00A0C91BC942}") = "Bucles - Ejercicio 4", "Bucles - Ejercicio 4\Bucles - Ejercicio 4.vcxproj", "{CA25A658-C2D0-4CD8-91CF-9FD720986364}"
EndProject
Global
	GlobalSection(SolutionConfigurationPlatforms) = preSolution
		Debug|x64 = Debug|x64
		Debug|x86 = Debug|x86
		Release|x64 = Release|x64
		Release|x86 = Release|x86
	EndGlobalSection
	GlobalSection(ProjectConfigurationPlatforms) = postSolution
		{CA25A658-C2D0-4CD8-91CF-9FD720986364}.Debug|x64.ActiveCfg = Debug|x64
		{CA25A658-C2D0-4CD8-91CF-9FD720986364}.Debug|x64.Build.0 = Debug|x64
		{CA25A658-C2D0-4CD8-91CF-9FD720986364}.Debug|x86.ActiveCfg = Debug|Win32
		{CA25A658-C2D0-4CD8-91CF-9FD720986364}.Debug|x86.Build.0 = Debug|Win32
		{CA25A658-C2D0-4CD8-91CF-9FD720986364}.Release|x64.ActiveCfg = Release|x64
		{CA25A658-C2D0-4CD8-91CF-9FD720986364}.Release|x64.Build.0 = Release|x64
		{CA25A658-C2D0-4CD8-91CF-9FD720986364}.Release|x86.ActiveCfg = Release|Win32
		{CA25A658-C2D0-4CD8-91CF-9FD720986364}.Release|x86.Build.0 = Release|Win32
	EndGlobalSection
	GlobalSection(SolutionProperties) = preSolution
		HideSolutionNode = FALSE
	EndGlobalSection
	GlobalSection(ExtensibilityGlobals) = postSolution
		SolutionGuid = {5A5CCAEC-C872-445E-9121-06EED891AF8B}
	EndGlobalSection
EndGlobal
