
Microsoft Visual Studio Solution File, Format Version 12.00
# Visual Studio Version 16
VisualStudioVersion = 16.0.31105.61
MinimumVisualStudioVersion = 10.0.40219.1
Project("{8BC9CEB8-8B4A-11D0-8D11-00A0C91BC942}") = "Ordenamiento por Selección", "Ordenamiento por Selección.vcxproj", "{15A1FF5D-57A8-4799-AB3C-58C2B82CB4E9}"
EndProject
Global
	GlobalSection(SolutionConfigurationPlatforms) = preSolution
		Debug|x64 = Debug|x64
		Debug|x86 = Debug|x86
		Release|x64 = Release|x64
		Release|x86 = Release|x86
	EndGlobalSection
	GlobalSection(ProjectConfigurationPlatforms) = postSolution
		{15A1FF5D-57A8-4799-AB3C-58C2B82CB4E9}.Debug|x64.ActiveCfg = Debug|x64
		{15A1FF5D-57A8-4799-AB3C-58C2B82CB4E9}.Debug|x64.Build.0 = Debug|x64
		{15A1FF5D-57A8-4799-AB3C-58C2B82CB4E9}.Debug|x86.ActiveCfg = Debug|Win32
		{15A1FF5D-57A8-4799-AB3C-58C2B82CB4E9}.Debug|x86.Build.0 = Debug|Win32
		{15A1FF5D-57A8-4799-AB3C-58C2B82CB4E9}.Release|x64.ActiveCfg = Release|x64
		{15A1FF5D-57A8-4799-AB3C-58C2B82CB4E9}.Release|x64.Build.0 = Release|x64
		{15A1FF5D-57A8-4799-AB3C-58C2B82CB4E9}.Release|x86.ActiveCfg = Release|Win32
		{15A1FF5D-57A8-4799-AB3C-58C2B82CB4E9}.Release|x86.Build.0 = Release|Win32
	EndGlobalSection
	GlobalSection(SolutionProperties) = preSolution
		HideSolutionNode = FALSE
	EndGlobalSection
	GlobalSection(ExtensibilityGlobals) = postSolution
		SolutionGuid = {CC47FF7A-D417-44B4-8D54-756FA3521C97}
	EndGlobalSection
EndGlobal
