
Microsoft Visual Studio Solution File, Format Version 12.00
# Visual Studio Version 16
VisualStudioVersion = 16.0.30804.86
MinimumVisualStudioVersion = 10.0.40219.1
Project("{8BC9CEB8-8B4A-11D0-8D11-00A0C91BC942}") = "Cadenas - Ejercicio Contando cada vocal en una frase", "Cadenas - Ejercicio Contando cada vocal en una frase.vcxproj", "{89EF2A9C-E9D9-4361-9DF6-DB410D219C60}"
EndProject
Global
	GlobalSection(SolutionConfigurationPlatforms) = preSolution
		Debug|x64 = Debug|x64
		Debug|x86 = Debug|x86
		Release|x64 = Release|x64
		Release|x86 = Release|x86
	EndGlobalSection
	GlobalSection(ProjectConfigurationPlatforms) = postSolution
		{89EF2A9C-E9D9-4361-9DF6-DB410D219C60}.Debug|x64.ActiveCfg = Debug|x64
		{89EF2A9C-E9D9-4361-9DF6-DB410D219C60}.Debug|x64.Build.0 = Debug|x64
		{89EF2A9C-E9D9-4361-9DF6-DB410D219C60}.Debug|x86.ActiveCfg = Debug|Win32
		{89EF2A9C-E9D9-4361-9DF6-DB410D219C60}.Debug|x86.Build.0 = Debug|Win32
		{89EF2A9C-E9D9-4361-9DF6-DB410D219C60}.Release|x64.ActiveCfg = Release|x64
		{89EF2A9C-E9D9-4361-9DF6-DB410D219C60}.Release|x64.Build.0 = Release|x64
		{89EF2A9C-E9D9-4361-9DF6-DB410D219C60}.Release|x86.ActiveCfg = Release|Win32
		{89EF2A9C-E9D9-4361-9DF6-DB410D219C60}.Release|x86.Build.0 = Release|Win32
	EndGlobalSection
	GlobalSection(SolutionProperties) = preSolution
		HideSolutionNode = FALSE
	EndGlobalSection
	GlobalSection(ExtensibilityGlobals) = postSolution
		SolutionGuid = {E0C563CE-FF27-42BC-A87A-618CAB5975E3}
	EndGlobalSection
EndGlobal
