
Microsoft Visual Studio Solution File, Format Version 12.00
# Visual Studio Version 16
VisualStudioVersion = 16.0.31205.134
MinimumVisualStudioVersion = 10.0.40219.1
Project("{8BC9CEB8-8B4A-11D0-8D11-00A0C91BC942}") = "Funciones2", "Funciones2.vcxproj", "{CF8EFD49-FF0C-45DB-B6D9-886A6640B32F}"
EndProject
Global
	GlobalSection(SolutionConfigurationPlatforms) = preSolution
		Debug|x64 = Debug|x64
		Debug|x86 = Debug|x86
		Release|x64 = Release|x64
		Release|x86 = Release|x86
	EndGlobalSection
	GlobalSection(ProjectConfigurationPlatforms) = postSolution
		{CF8EFD49-FF0C-45DB-B6D9-886A6640B32F}.Debug|x64.ActiveCfg = Debug|x64
		{CF8EFD49-FF0C-45DB-B6D9-886A6640B32F}.Debug|x64.Build.0 = Debug|x64
		{CF8EFD49-FF0C-45DB-B6D9-886A6640B32F}.Debug|x86.ActiveCfg = Debug|Win32
		{CF8EFD49-FF0C-45DB-B6D9-886A6640B32F}.Debug|x86.Build.0 = Debug|Win32
		{CF8EFD49-FF0C-45DB-B6D9-886A6640B32F}.Release|x64.ActiveCfg = Release|x64
		{CF8EFD49-FF0C-45DB-B6D9-886A6640B32F}.Release|x64.Build.0 = Release|x64
		{CF8EFD49-FF0C-45DB-B6D9-886A6640B32F}.Release|x86.ActiveCfg = Release|Win32
		{CF8EFD49-FF0C-45DB-B6D9-886A6640B32F}.Release|x86.Build.0 = Release|Win32
	EndGlobalSection
	GlobalSection(SolutionProperties) = preSolution
		HideSolutionNode = FALSE
	EndGlobalSection
	GlobalSection(ExtensibilityGlobals) = postSolution
		SolutionGuid = {C8E105EA-DBBD-4234-B83B-BC9A3C8E53C3}
	EndGlobalSection
EndGlobal
