
Microsoft Visual Studio Solution File, Format Version 12.00
# Visual Studio Version 16
VisualStudioVersion = 16.0.31129.286
MinimumVisualStudioVersion = 10.0.40219.1
Project("{FAE04EC0-301F-11D3-BF4B-00C04F79EFBC}") = "PrimeraAplicacion", "PrimeraAplicacion.csproj", "{95DE2099-52CF-4975-994E-C2F5335EBCCC}"
EndProject
Global
	GlobalSection(SolutionConfigurationPlatforms) = preSolution
		Debug|Any CPU = Debug|Any CPU
		Release|Any CPU = Release|Any CPU
	EndGlobalSection
	GlobalSection(ProjectConfigurationPlatforms) = postSolution
		{95DE2099-52CF-4975-994E-C2F5335EBCCC}.Debug|Any CPU.ActiveCfg = Debug|Any CPU
		{95DE2099-52CF-4975-994E-C2F5335EBCCC}.Debug|Any CPU.Build.0 = Debug|Any CPU
		{95DE2099-52CF-4975-994E-C2F5335EBCCC}.Release|Any CPU.ActiveCfg = Release|Any CPU
		{95DE2099-52CF-4975-994E-C2F5335EBCCC}.Release|Any CPU.Build.0 = Release|Any CPU
	EndGlobalSection
	GlobalSection(SolutionProperties) = preSolution
		HideSolutionNode = FALSE
	EndGlobalSection
	GlobalSection(ExtensibilityGlobals) = postSolution
		SolutionGuid = {5FD0AF1E-4FF5-4F01-AB6A-A64FA9F15239}
	EndGlobalSection
EndGlobal
