
Microsoft Visual Studio Solution File, Format Version 12.00
# Visual Studio Version 16
VisualStudioVersion = 16.0.30320.27
MinimumVisualStudioVersion = 10.0.40219.1
Project("{8BC9CEB8-8B4A-11D0-8D11-00A0C91BC942}") = "Arreglo con Indices", "Arreglo con Indices\Arreglo con Indices.vcxproj", "{88F81DF5-BC9E-41CF-B6FC-2460134D38AB}"
EndProject
Global
	GlobalSection(SolutionConfigurationPlatforms) = preSolution
		Debug|x64 = Debug|x64
		Debug|x86 = Debug|x86
		Release|x64 = Release|x64
		Release|x86 = Release|x86
	EndGlobalSection
	GlobalSection(ProjectConfigurationPlatforms) = postSolution
		{88F81DF5-BC9E-41CF-B6FC-2460134D38AB}.Debug|x64.ActiveCfg = Debug|x64
		{88F81DF5-BC9E-41CF-B6FC-2460134D38AB}.Debug|x64.Build.0 = Debug|x64
		{88F81DF5-BC9E-41CF-B6FC-2460134D38AB}.Debug|x86.ActiveCfg = Debug|Win32
		{88F81DF5-BC9E-41CF-B6FC-2460134D38AB}.Debug|x86.Build.0 = Debug|Win32
		{88F81DF5-BC9E-41CF-B6FC-2460134D38AB}.Release|x64.ActiveCfg = Release|x64
		{88F81DF5-BC9E-41CF-B6FC-2460134D38AB}.Release|x64.Build.0 = Release|x64
		{88F81DF5-BC9E-41CF-B6FC-2460134D38AB}.Release|x86.ActiveCfg = Release|Win32
		{88F81DF5-BC9E-41CF-B6FC-2460134D38AB}.Release|x86.Build.0 = Release|Win32
	EndGlobalSection
	GlobalSection(SolutionProperties) = preSolution
		HideSolutionNode = FALSE
	EndGlobalSection
	GlobalSection(ExtensibilityGlobals) = postSolution
		SolutionGuid = {26D6AE8B-6794-47AD-8AA2-F9A4119FD021}
	EndGlobalSection
EndGlobal
