
Microsoft Visual Studio Solution File, Format Version 12.00
# Visual Studio Version 16
VisualStudioVersion = 16.0.31515.178
MinimumVisualStudioVersion = 10.0.40219.1
Project("{8BC9CEB8-8B4A-11D0-8D11-00A0C91BC942}") = "PunteroDoble", "PunteroDoble\PunteroDoble.vcxproj", "{976B8435-3966-44A2-928C-9C6672D47241}"
EndProject
Global
	GlobalSection(SolutionConfigurationPlatforms) = preSolution
		Debug|x64 = Debug|x64
		Debug|x86 = Debug|x86
		Release|x64 = Release|x64
		Release|x86 = Release|x86
	EndGlobalSection
	GlobalSection(ProjectConfigurationPlatforms) = postSolution
		{976B8435-3966-44A2-928C-9C6672D47241}.Debug|x64.ActiveCfg = Debug|x64
		{976B8435-3966-44A2-928C-9C6672D47241}.Debug|x64.Build.0 = Debug|x64
		{976B8435-3966-44A2-928C-9C6672D47241}.Debug|x86.ActiveCfg = Debug|Win32
		{976B8435-3966-44A2-928C-9C6672D47241}.Debug|x86.Build.0 = Debug|Win32
		{976B8435-3966-44A2-928C-9C6672D47241}.Release|x64.ActiveCfg = Release|x64
		{976B8435-3966-44A2-928C-9C6672D47241}.Release|x64.Build.0 = Release|x64
		{976B8435-3966-44A2-928C-9C6672D47241}.Release|x86.ActiveCfg = Release|Win32
		{976B8435-3966-44A2-928C-9C6672D47241}.Release|x86.Build.0 = Release|Win32
	EndGlobalSection
	GlobalSection(SolutionProperties) = preSolution
		HideSolutionNode = FALSE
	EndGlobalSection
	GlobalSection(ExtensibilityGlobals) = postSolution
		SolutionGuid = {1165198F-1054-41B1-AD6B-E4DB60BF64C3}
	EndGlobalSection
EndGlobal
