
Microsoft Visual Studio Solution File, Format Version 12.00
# Visual Studio Version 16
VisualStudioVersion = 16.0.30204.135
MinimumVisualStudioVersion = 10.0.40219.1
Project("{8BC9CEB8-8B4A-11D0-8D11-00A0C91BC942}") = "Bucle - Do While", "Bucle - Do While\Bucle - Do While.vcxproj", "{E833D119-6E0D-4624-95D0-5DDBFA233BF5}"
EndProject
Global
	GlobalSection(SolutionConfigurationPlatforms) = preSolution
		Debug|x64 = Debug|x64
		Debug|x86 = Debug|x86
		Release|x64 = Release|x64
		Release|x86 = Release|x86
	EndGlobalSection
	GlobalSection(ProjectConfigurationPlatforms) = postSolution
		{E833D119-6E0D-4624-95D0-5DDBFA233BF5}.Debug|x64.ActiveCfg = Debug|x64
		{E833D119-6E0D-4624-95D0-5DDBFA233BF5}.Debug|x64.Build.0 = Debug|x64
		{E833D119-6E0D-4624-95D0-5DDBFA233BF5}.Debug|x86.ActiveCfg = Debug|Win32
		{E833D119-6E0D-4624-95D0-5DDBFA233BF5}.Debug|x86.Build.0 = Debug|Win32
		{E833D119-6E0D-4624-95D0-5DDBFA233BF5}.Release|x64.ActiveCfg = Release|x64
		{E833D119-6E0D-4624-95D0-5DDBFA233BF5}.Release|x64.Build.0 = Release|x64
		{E833D119-6E0D-4624-95D0-5DDBFA233BF5}.Release|x86.ActiveCfg = Release|Win32
		{E833D119-6E0D-4624-95D0-5DDBFA233BF5}.Release|x86.Build.0 = Release|Win32
	EndGlobalSection
	GlobalSection(SolutionProperties) = preSolution
		HideSolutionNode = FALSE
	EndGlobalSection
	GlobalSection(ExtensibilityGlobals) = postSolution
		SolutionGuid = {E2B2E7D0-A5A7-47E3-8B6B-6E7F9E3374D3}
	EndGlobalSection
EndGlobal
