
Microsoft Visual Studio Solution File, Format Version 12.00
# Visual Studio Version 16
VisualStudioVersion = 16.0.31129.286
MinimumVisualStudioVersion = 10.0.40219.1
Project("{8BC9CEB8-8B4A-11D0-8D11-00A0C91BC942}") = "Constructores", "Constructores.vcxproj", "{7BA79DDA-0898-4176-B619-EB09C275F822}"
EndProject
Global
	GlobalSection(SolutionConfigurationPlatforms) = preSolution
		Debug|x64 = Debug|x64
		Debug|x86 = Debug|x86
		Release|x64 = Release|x64
		Release|x86 = Release|x86
	EndGlobalSection
	GlobalSection(ProjectConfigurationPlatforms) = postSolution
		{7BA79DDA-0898-4176-B619-EB09C275F822}.Debug|x64.ActiveCfg = Debug|x64
		{7BA79DDA-0898-4176-B619-EB09C275F822}.Debug|x64.Build.0 = Debug|x64
		{7BA79DDA-0898-4176-B619-EB09C275F822}.Debug|x86.ActiveCfg = Debug|Win32
		{7BA79DDA-0898-4176-B619-EB09C275F822}.Debug|x86.Build.0 = Debug|Win32
		{7BA79DDA-0898-4176-B619-EB09C275F822}.Release|x64.ActiveCfg = Release|x64
		{7BA79DDA-0898-4176-B619-EB09C275F822}.Release|x64.Build.0 = Release|x64
		{7BA79DDA-0898-4176-B619-EB09C275F822}.Release|x86.ActiveCfg = Release|Win32
		{7BA79DDA-0898-4176-B619-EB09C275F822}.Release|x86.Build.0 = Release|Win32
	EndGlobalSection
	GlobalSection(SolutionProperties) = preSolution
		HideSolutionNode = FALSE
	EndGlobalSection
	GlobalSection(ExtensibilityGlobals) = postSolution
		SolutionGuid = {4864BA7C-7B84-4548-8CBB-D54FAABCF9C8}
	EndGlobalSection
EndGlobal
