
Microsoft Visual Studio Solution File, Format Version 12.00
# Visual Studio Version 16
VisualStudioVersion = 16.0.30128.74
MinimumVisualStudioVersion = 10.0.40219.1
Project("{8BC9CEB8-8B4A-11D0-8D11-00A0C91BC942}") = "Operacion3", "Operacion3\Operacion3.vcxproj", "{27D63CEF-D4A4-44A8-91DF-8FAA7E2C4155}"
EndProject
Global
	GlobalSection(SolutionConfigurationPlatforms) = preSolution
		Debug|x64 = Debug|x64
		Debug|x86 = Debug|x86
		Release|x64 = Release|x64
		Release|x86 = Release|x86
	EndGlobalSection
	GlobalSection(ProjectConfigurationPlatforms) = postSolution
		{27D63CEF-D4A4-44A8-91DF-8FAA7E2C4155}.Debug|x64.ActiveCfg = Debug|x64
		{27D63CEF-D4A4-44A8-91DF-8FAA7E2C4155}.Debug|x64.Build.0 = Debug|x64
		{27D63CEF-D4A4-44A8-91DF-8FAA7E2C4155}.Debug|x86.ActiveCfg = Debug|Win32
		{27D63CEF-D4A4-44A8-91DF-8FAA7E2C4155}.Debug|x86.Build.0 = Debug|Win32
		{27D63CEF-D4A4-44A8-91DF-8FAA7E2C4155}.Release|x64.ActiveCfg = Release|x64
		{27D63CEF-D4A4-44A8-91DF-8FAA7E2C4155}.Release|x64.Build.0 = Release|x64
		{27D63CEF-D4A4-44A8-91DF-8FAA7E2C4155}.Release|x86.ActiveCfg = Release|Win32
		{27D63CEF-D4A4-44A8-91DF-8FAA7E2C4155}.Release|x86.Build.0 = Release|Win32
	EndGlobalSection
	GlobalSection(SolutionProperties) = preSolution
		HideSolutionNode = FALSE
	EndGlobalSection
	GlobalSection(ExtensibilityGlobals) = postSolution
		SolutionGuid = {99901EDD-458B-428B-ACEC-2BBEAC1C8E27}
	EndGlobalSection
EndGlobal
