
Microsoft Visual Studio Solution File, Format Version 12.00
# Visual Studio Version 16
VisualStudioVersion = 16.0.31005.135
MinimumVisualStudioVersion = 10.0.40219.1
Project("{8BC9CEB8-8B4A-11D0-8D11-00A0C91BC942}") = "Funciones VI - Separa la interfaz de la implementacion", "Funciones VI - Separa la interfaz de la implementacion.vcxproj", "{2A65966F-3C93-4A0E-80DA-E54B44C3370C}"
EndProject
Global
	GlobalSection(SolutionConfigurationPlatforms) = preSolution
		Debug|x64 = Debug|x64
		Debug|x86 = Debug|x86
		Release|x64 = Release|x64
		Release|x86 = Release|x86
	EndGlobalSection
	GlobalSection(ProjectConfigurationPlatforms) = postSolution
		{2A65966F-3C93-4A0E-80DA-E54B44C3370C}.Debug|x64.ActiveCfg = Debug|x64
		{2A65966F-3C93-4A0E-80DA-E54B44C3370C}.Debug|x64.Build.0 = Debug|x64
		{2A65966F-3C93-4A0E-80DA-E54B44C3370C}.Debug|x86.ActiveCfg = Debug|Win32
		{2A65966F-3C93-4A0E-80DA-E54B44C3370C}.Debug|x86.Build.0 = Debug|Win32
		{2A65966F-3C93-4A0E-80DA-E54B44C3370C}.Release|x64.ActiveCfg = Release|x64
		{2A65966F-3C93-4A0E-80DA-E54B44C3370C}.Release|x64.Build.0 = Release|x64
		{2A65966F-3C93-4A0E-80DA-E54B44C3370C}.Release|x86.ActiveCfg = Release|Win32
		{2A65966F-3C93-4A0E-80DA-E54B44C3370C}.Release|x86.Build.0 = Release|Win32
	EndGlobalSection
	GlobalSection(SolutionProperties) = preSolution
		HideSolutionNode = FALSE
	EndGlobalSection
	GlobalSection(ExtensibilityGlobals) = postSolution
		SolutionGuid = {C6940963-36CA-4E26-A24B-7507DA3A1EC7}
	EndGlobalSection
EndGlobal
