
Microsoft Visual Studio Solution File, Format Version 12.00
# Visual Studio Version 16
VisualStudioVersion = 16.0.31205.134
MinimumVisualStudioVersion = 10.0.40219.1
Project("{8BC9CEB8-8B4A-11D0-8D11-00A0C91BC942}") = "Estructuras Basicas", "Estructuras Basicas.vcxproj", "{1CA40447-2CE7-40F4-87DE-6576AF311226}"
EndProject
Global
	GlobalSection(SolutionConfigurationPlatforms) = preSolution
		Debug|x64 = Debug|x64
		Debug|x86 = Debug|x86
		Release|x64 = Release|x64
		Release|x86 = Release|x86
	EndGlobalSection
	GlobalSection(ProjectConfigurationPlatforms) = postSolution
		{1CA40447-2CE7-40F4-87DE-6576AF311226}.Debug|x64.ActiveCfg = Debug|x64
		{1CA40447-2CE7-40F4-87DE-6576AF311226}.Debug|x64.Build.0 = Debug|x64
		{1CA40447-2CE7-40F4-87DE-6576AF311226}.Debug|x86.ActiveCfg = Debug|Win32
		{1CA40447-2CE7-40F4-87DE-6576AF311226}.Debug|x86.Build.0 = Debug|Win32
		{1CA40447-2CE7-40F4-87DE-6576AF311226}.Release|x64.ActiveCfg = Release|x64
		{1CA40447-2CE7-40F4-87DE-6576AF311226}.Release|x64.Build.0 = Release|x64
		{1CA40447-2CE7-40F4-87DE-6576AF311226}.Release|x86.ActiveCfg = Release|Win32
		{1CA40447-2CE7-40F4-87DE-6576AF311226}.Release|x86.Build.0 = Release|Win32
	EndGlobalSection
	GlobalSection(SolutionProperties) = preSolution
		HideSolutionNode = FALSE
	EndGlobalSection
	GlobalSection(ExtensibilityGlobals) = postSolution
		SolutionGuid = {2D026894-3254-44E7-BDAE-62B78EFA5268}
	EndGlobalSection
EndGlobal
