
Microsoft Visual Studio Solution File, Format Version 12.00
# Visual Studio Version 16
VisualStudioVersion = 16.0.30128.74
MinimumVisualStudioVersion = 10.0.40219.1
Project("{8BC9CEB8-8B4A-11D0-8D11-00A0C91BC942}") = "Intercambio de valores", "Intercambio de valores\Intercambio de valores.vcxproj", "{CD46ED76-88B7-4824-AB9E-D3E77EAC7408}"
EndProject
Global
	GlobalSection(SolutionConfigurationPlatforms) = preSolution
		Debug|x64 = Debug|x64
		Debug|x86 = Debug|x86
		Release|x64 = Release|x64
		Release|x86 = Release|x86
	EndGlobalSection
	GlobalSection(ProjectConfigurationPlatforms) = postSolution
		{CD46ED76-88B7-4824-AB9E-D3E77EAC7408}.Debug|x64.ActiveCfg = Debug|x64
		{CD46ED76-88B7-4824-AB9E-D3E77EAC7408}.Debug|x64.Build.0 = Debug|x64
		{CD46ED76-88B7-4824-AB9E-D3E77EAC7408}.Debug|x86.ActiveCfg = Debug|Win32
		{CD46ED76-88B7-4824-AB9E-D3E77EAC7408}.Debug|x86.Build.0 = Debug|Win32
		{CD46ED76-88B7-4824-AB9E-D3E77EAC7408}.Release|x64.ActiveCfg = Release|x64
		{CD46ED76-88B7-4824-AB9E-D3E77EAC7408}.Release|x64.Build.0 = Release|x64
		{CD46ED76-88B7-4824-AB9E-D3E77EAC7408}.Release|x86.ActiveCfg = Release|Win32
		{CD46ED76-88B7-4824-AB9E-D3E77EAC7408}.Release|x86.Build.0 = Release|Win32
	EndGlobalSection
	GlobalSection(SolutionProperties) = preSolution
		HideSolutionNode = FALSE
	EndGlobalSection
	GlobalSection(ExtensibilityGlobals) = postSolution
		SolutionGuid = {C3746B01-EB46-4376-BBD8-D212A20D1721}
	EndGlobalSection
EndGlobal
