
Microsoft Visual Studio Solution File, Format Version 12.00
# Visual Studio Version 16
VisualStudioVersion = 16.0.30204.135
MinimumVisualStudioVersion = 10.0.40219.1
Project("{8BC9CEB8-8B4A-11D0-8D11-00A0C91BC942}") = "Operaciones 5", "Operaciones 5\Operaciones 5.vcxproj", "{833A8A50-F109-403E-AC17-832D9A8EC3A1}"
EndProject
Global
	GlobalSection(SolutionConfigurationPlatforms) = preSolution
		Debug|x64 = Debug|x64
		Debug|x86 = Debug|x86
		Release|x64 = Release|x64
		Release|x86 = Release|x86
	EndGlobalSection
	GlobalSection(ProjectConfigurationPlatforms) = postSolution
		{833A8A50-F109-403E-AC17-832D9A8EC3A1}.Debug|x64.ActiveCfg = Debug|x64
		{833A8A50-F109-403E-AC17-832D9A8EC3A1}.Debug|x64.Build.0 = Debug|x64
		{833A8A50-F109-403E-AC17-832D9A8EC3A1}.Debug|x86.ActiveCfg = Debug|Win32
		{833A8A50-F109-403E-AC17-832D9A8EC3A1}.Debug|x86.Build.0 = Debug|Win32
		{833A8A50-F109-403E-AC17-832D9A8EC3A1}.Release|x64.ActiveCfg = Release|x64
		{833A8A50-F109-403E-AC17-832D9A8EC3A1}.Release|x64.Build.0 = Release|x64
		{833A8A50-F109-403E-AC17-832D9A8EC3A1}.Release|x86.ActiveCfg = Release|Win32
		{833A8A50-F109-403E-AC17-832D9A8EC3A1}.Release|x86.Build.0 = Release|Win32
	EndGlobalSection
	GlobalSection(SolutionProperties) = preSolution
		HideSolutionNode = FALSE
	EndGlobalSection
	GlobalSection(ExtensibilityGlobals) = postSolution
		SolutionGuid = {8E449A45-4DEC-403C-95A5-626BC6EBEB41}
	EndGlobalSection
EndGlobal
